
Microsoft Visual Studio Solution File, Format Version 12.00
# Visual Studio Version 17
VisualStudioVersion = 17.3.32922.545
MinimumVisualStudioVersion = 10.0.40219.1
Project("{2150E333-8FDC-42A3-9474-1A3956D46DE8}") = "BL", "BL", "{B1CEE2F7-5964-4CC1-BADB-473761A22C04}"
EndProject
Project("{2150E333-8FDC-42A3-9474-1A3956D46DE8}") = "DAL", "DAL", "{E82A3148-28F7-4458-994C-65EA41FBEDD1}"
EndProject
Project("{2150E333-8FDC-42A3-9474-1A3956D46DE8}") = "Teoria", "Teoria", "{B2D82BA1-525B-4F71-AA51-D1D64DB4FE43}"
EndProject
Project("{2150E333-8FDC-42A3-9474-1A3956D46DE8}") = "IU", "IU", "{45044699-8647-48D5-B3AC-B45602F3D326}"
EndProject
Project("{9A19103F-16F7-4668-BE54-9A1E7A4F7556}") = "Acg.University.DAL.SqlServer", "Acg.University.DAL.SqlServer\Acg.University.DAL.SqlServer.csproj", "{0092F1E8-245F-4227-99B4-ADBFADF5C5FE}"
EndProject
Project("{9A19103F-16F7-4668-BE54-9A1E7A4F7556}") = "Acg.University.DAL.Entidades", "Acg.University.DAL.Entidades\Acg.University.DAL.Entidades.csproj", "{6494F281-8CEF-41E9-BD45-5EE4BBA16C9A}"
EndProject
Project("{9A19103F-16F7-4668-BE54-9A1E7A4F7556}") = "PruBaseDatos", "PruBaseDatos\PruBaseDatos.csproj", "{2A622A1E-1401-442B-847E-1870ABACCA9B}"
EndProject
Project("{9A19103F-16F7-4668-BE54-9A1E7A4F7556}") = "Acg.University.BL.Servicios", "Acg.University.BL.Servicios\Acg.University.BL.Servicios.csproj", "{FC9D0EA8-E6E2-4518-A32C-EA5A03591315}"
EndProject
Project("{9A19103F-16F7-4668-BE54-9A1E7A4F7556}") = "Acg.University.BL.Contratos", "Acg.University.BL.Contratos\Acg.University.BL.Contratos.csproj", "{CFDE2B45-99B6-4CD5-9B6F-4E394697F0DC}"
EndProject
Project("{2150E333-8FDC-42A3-9474-1A3956D46DE8}") = "Basura", "Basura", "{F6191A0D-078D-4F7A-82E4-9693AE1F3FCF}"
EndProject
Project("{9A19103F-16F7-4668-BE54-9A1E7A4F7556}") = "BaseDatos", "BaseDatos\BaseDatos.csproj", "{6AAA939A-2425-4FBE-817D-51EC511AF449}"
EndProject
Project("{9A19103F-16F7-4668-BE54-9A1E7A4F7556}") = "Acg.University.DAL.MongoDB", "Acg.University.DAL.MongoDB\Acg.University.DAL.MongoDB.csproj", "{BBBDD3AE-90D2-4AD3-BB42-10CD7ADD6A91}"
EndProject
Project("{9A19103F-16F7-4668-BE54-9A1E7A4F7556}") = "PruID", "PruID\PruID.csproj", "{FBA2CF33-D303-4D00-B3B1-F5D7AC4C7B8A}"
EndProject
Project("{9A19103F-16F7-4668-BE54-9A1E7A4F7556}") = "UniversityAPI", "UniversityAPI\UniversityAPI.csproj", "{FB83CB14-F7A3-4E88-A43B-40447F126D9B}"
EndProject
Project("{9A19103F-16F7-4668-BE54-9A1E7A4F7556}") = "UniversityWeb", "UniversityWeb\UniversityWeb.csproj", "{E9DD7304-EE09-4D4C-8D14-FCF52C37F677}"
EndProject
Project("{2150E333-8FDC-42A3-9474-1A3956D46DE8}") = "Servicios", "Servicios", "{61B29DF2-4CC9-4FC8-B5F4-E96EA84CA6D3}"
EndProject
Project("{9A19103F-16F7-4668-BE54-9A1E7A4F7556}") = "CorrectorExamenesWS", "CorrectorExamenesWS\CorrectorExamenesWS.csproj", "{73A94F30-D9AC-41DD-A737-4DD7E60E4DAC}"
EndProject
Project("{9A19103F-16F7-4668-BE54-9A1E7A4F7556}") = "UniversityGRPC", "UniversityGRPC\UniversityGRPC.csproj", "{67223909-390A-4B91-8DE3-53D37EED7D09}"
EndProject
Project("{2150E333-8FDC-42A3-9474-1A3956D46DE8}") = "Test", "Test", "{2DAAA77A-C9BA-4EB1-970B-1A1E8C2879F7}"
EndProject
Project("{FAE04EC0-301F-11D3-BF4B-00C04F79EFBC}") = "AcgUniversity.BL.Servicios.Test", "AcgUniversity.BL.Servicios.Test\AcgUniversity.BL.Servicios.Test.csproj", "{91C759BA-C52F-4AD0-A08F-04998EDAC3B3}"
EndProject
Project("{FAE04EC0-301F-11D3-BF4B-00C04F79EFBC}") = "UniversityAPI.Test", "UniversityAPI.Test\UniversityAPI.Test.csproj", "{2DE1AC82-0B4A-46CD-BD36-8BB32B27B606}"
EndProject
Global
	GlobalSection(SolutionConfigurationPlatforms) = preSolution
		Debug|Any CPU = Debug|Any CPU
		Release|Any CPU = Release|Any CPU
	EndGlobalSection
	GlobalSection(ProjectConfigurationPlatforms) = postSolution
		{0092F1E8-245F-4227-99B4-ADBFADF5C5FE}.Debug|Any CPU.ActiveCfg = Debug|Any CPU
		{0092F1E8-245F-4227-99B4-ADBFADF5C5FE}.Debug|Any CPU.Build.0 = Debug|Any CPU
		{0092F1E8-245F-4227-99B4-ADBFADF5C5FE}.Release|Any CPU.ActiveCfg = Release|Any CPU
		{0092F1E8-245F-4227-99B4-ADBFADF5C5FE}.Release|Any CPU.Build.0 = Release|Any CPU
		{6494F281-8CEF-41E9-BD45-5EE4BBA16C9A}.Debug|Any CPU.ActiveCfg = Debug|Any CPU
		{6494F281-8CEF-41E9-BD45-5EE4BBA16C9A}.Debug|Any CPU.Build.0 = Debug|Any CPU
		{6494F281-8CEF-41E9-BD45-5EE4BBA16C9A}.Release|Any CPU.ActiveCfg = Release|Any CPU
		{6494F281-8CEF-41E9-BD45-5EE4BBA16C9A}.Release|Any CPU.Build.0 = Release|Any CPU
		{2A622A1E-1401-442B-847E-1870ABACCA9B}.Debug|Any CPU.ActiveCfg = Debug|Any CPU
		{2A622A1E-1401-442B-847E-1870ABACCA9B}.Debug|Any CPU.Build.0 = Debug|Any CPU
		{2A622A1E-1401-442B-847E-1870ABACCA9B}.Release|Any CPU.ActiveCfg = Release|Any CPU
		{2A622A1E-1401-442B-847E-1870ABACCA9B}.Release|Any CPU.Build.0 = Release|Any CPU
		{FC9D0EA8-E6E2-4518-A32C-EA5A03591315}.Debug|Any CPU.ActiveCfg = Debug|Any CPU
		{FC9D0EA8-E6E2-4518-A32C-EA5A03591315}.Debug|Any CPU.Build.0 = Debug|Any CPU
		{FC9D0EA8-E6E2-4518-A32C-EA5A03591315}.Release|Any CPU.ActiveCfg = Release|Any CPU
		{FC9D0EA8-E6E2-4518-A32C-EA5A03591315}.Release|Any CPU.Build.0 = Release|Any CPU
		{CFDE2B45-99B6-4CD5-9B6F-4E394697F0DC}.Debug|Any CPU.ActiveCfg = Debug|Any CPU
		{CFDE2B45-99B6-4CD5-9B6F-4E394697F0DC}.Debug|Any CPU.Build.0 = Debug|Any CPU
		{CFDE2B45-99B6-4CD5-9B6F-4E394697F0DC}.Release|Any CPU.ActiveCfg = Release|Any CPU
		{CFDE2B45-99B6-4CD5-9B6F-4E394697F0DC}.Release|Any CPU.Build.0 = Release|Any CPU
		{6AAA939A-2425-4FBE-817D-51EC511AF449}.Debug|Any CPU.ActiveCfg = Debug|Any CPU
		{6AAA939A-2425-4FBE-817D-51EC511AF449}.Debug|Any CPU.Build.0 = Debug|Any CPU
		{6AAA939A-2425-4FBE-817D-51EC511AF449}.Release|Any CPU.ActiveCfg = Release|Any CPU
		{6AAA939A-2425-4FBE-817D-51EC511AF449}.Release|Any CPU.Build.0 = Release|Any CPU
		{BBBDD3AE-90D2-4AD3-BB42-10CD7ADD6A91}.Debug|Any CPU.ActiveCfg = Debug|Any CPU
		{BBBDD3AE-90D2-4AD3-BB42-10CD7ADD6A91}.Debug|Any CPU.Build.0 = Debug|Any CPU
		{BBBDD3AE-90D2-4AD3-BB42-10CD7ADD6A91}.Release|Any CPU.ActiveCfg = Release|Any CPU
		{BBBDD3AE-90D2-4AD3-BB42-10CD7ADD6A91}.Release|Any CPU.Build.0 = Release|Any CPU
		{FBA2CF33-D303-4D00-B3B1-F5D7AC4C7B8A}.Debug|Any CPU.ActiveCfg = Debug|Any CPU
		{FBA2CF33-D303-4D00-B3B1-F5D7AC4C7B8A}.Debug|Any CPU.Build.0 = Debug|Any CPU
		{FBA2CF33-D303-4D00-B3B1-F5D7AC4C7B8A}.Release|Any CPU.ActiveCfg = Release|Any CPU
		{FBA2CF33-D303-4D00-B3B1-F5D7AC4C7B8A}.Release|Any CPU.Build.0 = Release|Any CPU
		{FB83CB14-F7A3-4E88-A43B-40447F126D9B}.Debug|Any CPU.ActiveCfg = Debug|Any CPU
		{FB83CB14-F7A3-4E88-A43B-40447F126D9B}.Debug|Any CPU.Build.0 = Debug|Any CPU
		{FB83CB14-F7A3-4E88-A43B-40447F126D9B}.Release|Any CPU.ActiveCfg = Release|Any CPU
		{FB83CB14-F7A3-4E88-A43B-40447F126D9B}.Release|Any CPU.Build.0 = Release|Any CPU
		{E9DD7304-EE09-4D4C-8D14-FCF52C37F677}.Debug|Any CPU.ActiveCfg = Debug|Any CPU
		{E9DD7304-EE09-4D4C-8D14-FCF52C37F677}.Debug|Any CPU.Build.0 = Debug|Any CPU
		{E9DD7304-EE09-4D4C-8D14-FCF52C37F677}.Release|Any CPU.ActiveCfg = Release|Any CPU
		{E9DD7304-EE09-4D4C-8D14-FCF52C37F677}.Release|Any CPU.Build.0 = Release|Any CPU
		{73A94F30-D9AC-41DD-A737-4DD7E60E4DAC}.Debug|Any CPU.ActiveCfg = Debug|Any CPU
		{73A94F30-D9AC-41DD-A737-4DD7E60E4DAC}.Debug|Any CPU.Build.0 = Debug|Any CPU
		{73A94F30-D9AC-41DD-A737-4DD7E60E4DAC}.Release|Any CPU.ActiveCfg = Release|Any CPU
		{73A94F30-D9AC-41DD-A737-4DD7E60E4DAC}.Release|Any CPU.Build.0 = Release|Any CPU
		{67223909-390A-4B91-8DE3-53D37EED7D09}.Debug|Any CPU.ActiveCfg = Debug|Any CPU
		{67223909-390A-4B91-8DE3-53D37EED7D09}.Debug|Any CPU.Build.0 = Debug|Any CPU
		{67223909-390A-4B91-8DE3-53D37EED7D09}.Release|Any CPU.ActiveCfg = Release|Any CPU
		{67223909-390A-4B91-8DE3-53D37EED7D09}.Release|Any CPU.Build.0 = Release|Any CPU
		{91C759BA-C52F-4AD0-A08F-04998EDAC3B3}.Debug|Any CPU.ActiveCfg = Debug|Any CPU
		{91C759BA-C52F-4AD0-A08F-04998EDAC3B3}.Debug|Any CPU.Build.0 = Debug|Any CPU
		{91C759BA-C52F-4AD0-A08F-04998EDAC3B3}.Release|Any CPU.ActiveCfg = Release|Any CPU
		{91C759BA-C52F-4AD0-A08F-04998EDAC3B3}.Release|Any CPU.Build.0 = Release|Any CPU
		{2DE1AC82-0B4A-46CD-BD36-8BB32B27B606}.Debug|Any CPU.ActiveCfg = Debug|Any CPU
		{2DE1AC82-0B4A-46CD-BD36-8BB32B27B606}.Debug|Any CPU.Build.0 = Debug|Any CPU
		{2DE1AC82-0B4A-46CD-BD36-8BB32B27B606}.Release|Any CPU.ActiveCfg = Release|Any CPU
		{2DE1AC82-0B4A-46CD-BD36-8BB32B27B606}.Release|Any CPU.Build.0 = Release|Any CPU
	EndGlobalSection
	GlobalSection(SolutionProperties) = preSolution
		HideSolutionNode = FALSE
	EndGlobalSection
	GlobalSection(NestedProjects) = preSolution
		{0092F1E8-245F-4227-99B4-ADBFADF5C5FE} = {E82A3148-28F7-4458-994C-65EA41FBEDD1}
		{6494F281-8CEF-41E9-BD45-5EE4BBA16C9A} = {E82A3148-28F7-4458-994C-65EA41FBEDD1}
		{2A622A1E-1401-442B-847E-1870ABACCA9B} = {B2D82BA1-525B-4F71-AA51-D1D64DB4FE43}
		{FC9D0EA8-E6E2-4518-A32C-EA5A03591315} = {B1CEE2F7-5964-4CC1-BADB-473761A22C04}
		{CFDE2B45-99B6-4CD5-9B6F-4E394697F0DC} = {B1CEE2F7-5964-4CC1-BADB-473761A22C04}
		{6AAA939A-2425-4FBE-817D-51EC511AF449} = {F6191A0D-078D-4F7A-82E4-9693AE1F3FCF}
		{BBBDD3AE-90D2-4AD3-BB42-10CD7ADD6A91} = {E82A3148-28F7-4458-994C-65EA41FBEDD1}
		{FBA2CF33-D303-4D00-B3B1-F5D7AC4C7B8A} = {B2D82BA1-525B-4F71-AA51-D1D64DB4FE43}
		{FB83CB14-F7A3-4E88-A43B-40447F126D9B} = {45044699-8647-48D5-B3AC-B45602F3D326}
		{E9DD7304-EE09-4D4C-8D14-FCF52C37F677} = {45044699-8647-48D5-B3AC-B45602F3D326}
		{73A94F30-D9AC-41DD-A737-4DD7E60E4DAC} = {61B29DF2-4CC9-4FC8-B5F4-E96EA84CA6D3}
		{67223909-390A-4B91-8DE3-53D37EED7D09} = {61B29DF2-4CC9-4FC8-B5F4-E96EA84CA6D3}
		{91C759BA-C52F-4AD0-A08F-04998EDAC3B3} = {2DAAA77A-C9BA-4EB1-970B-1A1E8C2879F7}
		{2DE1AC82-0B4A-46CD-BD36-8BB32B27B606} = {2DAAA77A-C9BA-4EB1-970B-1A1E8C2879F7}
	EndGlobalSection
	GlobalSection(ExtensibilityGlobals) = postSolution
		SolutionGuid = {7697F9F9-4EDD-445F-874B-CD8E377597CE}
	EndGlobalSection
EndGlobal
